{
    "version": 3,
    "terraform_version": "0.11.13",
    "serial": 14,
    "lineage": "a2fd8f90-47aa-7760-054d-778fb5979273",
    "modules": [
        {
            "path": [
                "root"
            ],
            "outputs": {},
            "resources": {
                "azurerm_lb.load": {
                    "type": "azurerm_lb",
                    "depends_on": [
                        "azurerm_public_ip.myterraformpublicip",
                        "azurerm_resource_group.myterraformgroup"
                    ],
                    "primary": {
                        "id": "/subscriptions/1deb517a-835a-4390-9065-72490fee91e9/resourceGroups/myResourceGroup/providers/Microsoft.Network/loadBalancers/TestLoadBalancer",
                        "attributes": {
                            "frontend_ip_configuration.#": "1",
                            "frontend_ip_configuration.0.inbound_nat_rules.#": "0",
                            "frontend_ip_configuration.0.load_balancer_rules.#": "1",
                            "frontend_ip_configuration.0.load_balancer_rules.1486872842": "/subscriptions/1deb517a-835a-4390-9065-72490fee91e9/resourceGroups/myResourceGroup/providers/Microsoft.Network/loadBalancers/TestLoadBalancer/loadBalancingRules/running-probe",
                            "frontend_ip_configuration.0.name": "PublicIPAddress",
                            "frontend_ip_configuration.0.outbound_rules.#": "0",
                            "frontend_ip_configuration.0.private_ip_address": "",
                            "frontend_ip_configuration.0.private_ip_address_allocation": "Dynamic",
                            "frontend_ip_configuration.0.public_ip_address_id": "/subscriptions/1deb517a-835a-4390-9065-72490fee91e9/resourceGroups/myResourceGroup/providers/Microsoft.Network/publicIPAddresses/myPublicIP",
                            "frontend_ip_configuration.0.subnet_id": "",
                            "frontend_ip_configuration.0.zones.#": "0",
                            "id": "/subscriptions/1deb517a-835a-4390-9065-72490fee91e9/resourceGroups/myResourceGroup/providers/Microsoft.Network/loadBalancers/TestLoadBalancer",
                            "location": "eastus2",
                            "name": "TestLoadBalancer",
                            "private_ip_address": "",
                            "private_ip_addresses.#": "0",
                            "resource_group_name": "myResourceGroup",
                            "sku": "Basic",
                            "tags.%": "0"
                        },
                        "meta": {},
                        "tainted": false
                    },
                    "deposed": [],
                    "provider": "provider.azurerm"
                },
                "azurerm_lb_backend_address_pool.backpool": {
                    "type": "azurerm_lb_backend_address_pool",
                    "depends_on": [
                        "azurerm_lb.load",
                        "azurerm_resource_group.myterraformgroup"
                    ],
                    "primary": {
                        "id": "/subscriptions/1deb517a-835a-4390-9065-72490fee91e9/resourceGroups/myResourceGroup/providers/Microsoft.Network/loadBalancers/TestLoadBalancer/backendAddressPools/BackEndAddressPool",
                        "attributes": {
                            "backend_ip_configurations.#": "1",
                            "backend_ip_configurations.929734326": "/subscriptions/1deb517a-835a-4390-9065-72490fee91e9/resourceGroups/myResourceGroup/providers/Microsoft.Network/networkInterfaces/myNIC/ipConfigurations/myNicConfiguration",
                            "id": "/subscriptions/1deb517a-835a-4390-9065-72490fee91e9/resourceGroups/myResourceGroup/providers/Microsoft.Network/loadBalancers/TestLoadBalancer/backendAddressPools/BackEndAddressPool",
                            "load_balancing_rules.#": "1",
                            "load_balancing_rules.1486872842": "/subscriptions/1deb517a-835a-4390-9065-72490fee91e9/resourceGroups/myResourceGroup/providers/Microsoft.Network/loadBalancers/TestLoadBalancer/loadBalancingRules/running-probe",
                            "loadbalancer_id": "/subscriptions/1deb517a-835a-4390-9065-72490fee91e9/resourceGroups/myResourceGroup/providers/Microsoft.Network/loadBalancers/TestLoadBalancer",
                            "name": "BackEndAddressPool",
                            "resource_group_name": "myResourceGroup"
                        },
                        "meta": {},
                        "tainted": false
                    },
                    "deposed": [],
                    "provider": "provider.azurerm"
                },
                "azurerm_lb_probe.myterraformgroup": {
                    "type": "azurerm_lb_probe",
                    "depends_on": [
                        "azurerm_lb.load",
                        "azurerm_resource_group.myterraformgroup"
                    ],
                    "primary": {
                        "id": "/subscriptions/1deb517a-835a-4390-9065-72490fee91e9/resourceGroups/myResourceGroup/providers/Microsoft.Network/loadBalancers/TestLoadBalancer/probes/running-probe",
                        "attributes": {
                            "id": "/subscriptions/1deb517a-835a-4390-9065-72490fee91e9/resourceGroups/myResourceGroup/providers/Microsoft.Network/loadBalancers/TestLoadBalancer/probes/running-probe",
                            "interval_in_seconds": "15",
                            "load_balancer_rules.#": "1",
                            "load_balancer_rules.1486872842": "/subscriptions/1deb517a-835a-4390-9065-72490fee91e9/resourceGroups/myResourceGroup/providers/Microsoft.Network/loadBalancers/TestLoadBalancer/loadBalancingRules/running-probe",
                            "loadbalancer_id": "/subscriptions/1deb517a-835a-4390-9065-72490fee91e9/resourceGroups/myResourceGroup/providers/Microsoft.Network/loadBalancers/TestLoadBalancer",
                            "name": "running-probe",
                            "number_of_probes": "2",
                            "port": "80",
                            "protocol": "Tcp",
                            "request_path": "",
                            "resource_group_name": "myResourceGroup"
                        },
                        "meta": {},
                        "tainted": false
                    },
                    "deposed": [],
                    "provider": "provider.azurerm"
                },
                "azurerm_lb_rule.myterraformgroup": {
                    "type": "azurerm_lb_rule",
                    "depends_on": [
                        "azurerm_lb.load",
                        "azurerm_lb_backend_address_pool.backpool",
                        "azurerm_lb_probe.myterraformgroup",
                        "azurerm_resource_group.myterraformgroup"
                    ],
                    "primary": {
                        "id": "/subscriptions/1deb517a-835a-4390-9065-72490fee91e9/resourceGroups/myResourceGroup/providers/Microsoft.Network/loadBalancers/TestLoadBalancer/loadBalancingRules/running-probe",
                        "attributes": {
                            "backend_address_pool_id": "/subscriptions/1deb517a-835a-4390-9065-72490fee91e9/resourceGroups/myResourceGroup/providers/Microsoft.Network/loadBalancers/TestLoadBalancer/backendAddressPools/BackEndAddressPool",
                            "backend_port": "80",
                            "enable_floating_ip": "false",
                            "frontend_ip_configuration_id": "/subscriptions/1deb517a-835a-4390-9065-72490fee91e9/resourceGroups/myResourceGroup/providers/Microsoft.Network/loadBalancers/TestLoadBalancer/frontendIPConfigurations/PublicIPAddress",
                            "frontend_ip_configuration_name": "PublicIPAddress",
                            "frontend_port": "80",
                            "id": "/subscriptions/1deb517a-835a-4390-9065-72490fee91e9/resourceGroups/myResourceGroup/providers/Microsoft.Network/loadBalancers/TestLoadBalancer/loadBalancingRules/running-probe",
                            "idle_timeout_in_minutes": "4",
                            "load_distribution": "Default",
                            "loadbalancer_id": "/subscriptions/1deb517a-835a-4390-9065-72490fee91e9/resourceGroups/myResourceGroup/providers/Microsoft.Network/loadBalancers/TestLoadBalancer",
                            "name": "running-probe",
                            "probe_id": "/subscriptions/1deb517a-835a-4390-9065-72490fee91e9/resourceGroups/myResourceGroup/providers/Microsoft.Network/loadBalancers/TestLoadBalancer/probes/running-probe",
                            "protocol": "Tcp",
                            "resource_group_name": "myResourceGroup"
                        },
                        "meta": {},
                        "tainted": false
                    },
                    "deposed": [],
                    "provider": "provider.azurerm"
                },
                "azurerm_network_interface.myterraformnic": {
                    "type": "azurerm_network_interface",
                    "depends_on": [
                        "azurerm_lb_backend_address_pool.backpool",
                        "azurerm_network_security_group.myterraformnsg",
                        "azurerm_resource_group.myterraformgroup",
                        "azurerm_subnet.myterraformsubnet"
                    ],
                    "primary": {
                        "id": "/subscriptions/1deb517a-835a-4390-9065-72490fee91e9/resourceGroups/myResourceGroup/providers/Microsoft.Network/networkInterfaces/myNIC",
                        "attributes": {
                            "applied_dns_servers.#": "0",
                            "dns_servers.#": "0",
                            "enable_accelerated_networking": "false",
                            "enable_ip_forwarding": "false",
                            "id": "/subscriptions/1deb517a-835a-4390-9065-72490fee91e9/resourceGroups/myResourceGroup/providers/Microsoft.Network/networkInterfaces/myNIC",
                            "internal_dns_name_label": "",
                            "internal_fqdn": "",
                            "ip_configuration.#": "1",
                            "ip_configuration.0.application_gateway_backend_address_pools_ids.#": "0",
                            "ip_configuration.0.application_security_group_ids.#": "0",
                            "ip_configuration.0.load_balancer_backend_address_pools_ids.#": "1",
                            "ip_configuration.0.load_balancer_backend_address_pools_ids.3798291224": "/subscriptions/1deb517a-835a-4390-9065-72490fee91e9/resourceGroups/myResourceGroup/providers/Microsoft.Network/loadBalancers/TestLoadBalancer/backendAddressPools/BackEndAddressPool",
                            "ip_configuration.0.load_balancer_inbound_nat_rules_ids.#": "0",
                            "ip_configuration.0.name": "myNicConfiguration",
                            "ip_configuration.0.primary": "true",
                            "ip_configuration.0.private_ip_address": "",
                            "ip_configuration.0.private_ip_address_allocation": "dynamic",
                            "ip_configuration.0.private_ip_address_version": "IPv4",
                            "ip_configuration.0.public_ip_address_id": "",
                            "ip_configuration.0.subnet_id": "/subscriptions/1deb517a-835a-4390-9065-72490fee91e9/resourceGroups/myResourceGroup/providers/Microsoft.Network/virtualNetworks/myVnet/subnets/mySubnet",
                            "location": "eastus2",
                            "mac_address": "00-0D-3A-7A-34-C3",
                            "name": "myNIC",
                            "network_security_group_id": "/subscriptions/1deb517a-835a-4390-9065-72490fee91e9/resourceGroups/myResourceGroup/providers/Microsoft.Network/networkSecurityGroups/myNetworkSecurityGroup",
                            "private_ip_address": "10.0.1.4",
                            "private_ip_addresses.#": "1",
                            "private_ip_addresses.0": "10.0.1.4",
                            "resource_group_name": "myResourceGroup",
                            "tags.%": "1",
                            "tags.environment": "Single vm",
                            "virtual_machine_id": "/subscriptions/1deb517a-835a-4390-9065-72490fee91e9/resourceGroups/myResourceGroup/providers/Microsoft.Compute/virtualMachines/myVM"
                        },
                        "meta": {},
                        "tainted": false
                    },
                    "deposed": [],
                    "provider": "provider.azurerm"
                },
                "azurerm_network_security_group.myterraformnsg": {
                    "type": "azurerm_network_security_group",
                    "depends_on": [
                        "azurerm_resource_group.myterraformgroup"
                    ],
                    "primary": {
                        "id": "/subscriptions/1deb517a-835a-4390-9065-72490fee91e9/resourceGroups/myResourceGroup/providers/Microsoft.Network/networkSecurityGroups/myNetworkSecurityGroup",
                        "attributes": {
                            "id": "/subscriptions/1deb517a-835a-4390-9065-72490fee91e9/resourceGroups/myResourceGroup/providers/Microsoft.Network/networkSecurityGroups/myNetworkSecurityGroup",
                            "location": "eastus2",
                            "name": "myNetworkSecurityGroup",
                            "resource_group_name": "myResourceGroup",
                            "security_rule.#": "2",
                            "security_rule.2090309246.access": "Allow",
                            "security_rule.2090309246.description": "",
                            "security_rule.2090309246.destination_address_prefix": "*",
                            "security_rule.2090309246.destination_address_prefixes.#": "0",
                            "security_rule.2090309246.destination_application_security_group_ids.#": "0",
                            "security_rule.2090309246.destination_port_range": "22",
                            "security_rule.2090309246.destination_port_ranges.#": "0",
                            "security_rule.2090309246.direction": "Inbound",
                            "security_rule.2090309246.name": "SSH",
                            "security_rule.2090309246.priority": "1001",
                            "security_rule.2090309246.protocol": "Tcp",
                            "security_rule.2090309246.source_address_prefix": "*",
                            "security_rule.2090309246.source_address_prefixes.#": "0",
                            "security_rule.2090309246.source_application_security_group_ids.#": "0",
                            "security_rule.2090309246.source_port_range": "*",
                            "security_rule.2090309246.source_port_ranges.#": "0",
                            "security_rule.4070506173.access": "Allow",
                            "security_rule.4070506173.description": "",
                            "security_rule.4070506173.destination_address_prefix": "*",
                            "security_rule.4070506173.destination_address_prefixes.#": "0",
                            "security_rule.4070506173.destination_application_security_group_ids.#": "0",
                            "security_rule.4070506173.destination_port_range": "80",
                            "security_rule.4070506173.destination_port_ranges.#": "0",
                            "security_rule.4070506173.direction": "Inbound",
                            "security_rule.4070506173.name": "HTTP",
                            "security_rule.4070506173.priority": "1002",
                            "security_rule.4070506173.protocol": "tcp",
                            "security_rule.4070506173.source_address_prefix": "*",
                            "security_rule.4070506173.source_address_prefixes.#": "0",
                            "security_rule.4070506173.source_application_security_group_ids.#": "0",
                            "security_rule.4070506173.source_port_range": "*",
                            "security_rule.4070506173.source_port_ranges.#": "0",
                            "tags.%": "1",
                            "tags.environment": "Single vm"
                        },
                        "meta": {},
                        "tainted": false
                    },
                    "deposed": [],
                    "provider": "provider.azurerm"
                },
                "azurerm_public_ip.myterraformpublicip": {
                    "type": "azurerm_public_ip",
                    "depends_on": [
                        "azurerm_resource_group.myterraformgroup"
                    ],
                    "primary": {
                        "id": "/subscriptions/1deb517a-835a-4390-9065-72490fee91e9/resourceGroups/myResourceGroup/providers/Microsoft.Network/publicIPAddresses/myPublicIP",
                        "attributes": {
                            "allocation_method": "Dynamic",
                            "id": "/subscriptions/1deb517a-835a-4390-9065-72490fee91e9/resourceGroups/myResourceGroup/providers/Microsoft.Network/publicIPAddresses/myPublicIP",
                            "idle_timeout_in_minutes": "4",
                            "ip_address": "",
                            "ip_version": "IPv4",
                            "location": "eastus2",
                            "name": "myPublicIP",
                            "public_ip_address_allocation": "Dynamic",
                            "resource_group_name": "myResourceGroup",
                            "sku": "Basic",
                            "tags.%": "1",
                            "tags.environment": "Single vm",
                            "zones.#": "0"
                        },
                        "meta": {},
                        "tainted": false
                    },
                    "deposed": [],
                    "provider": "provider.azurerm"
                },
                "azurerm_resource_group.myterraformgroup": {
                    "type": "azurerm_resource_group",
                    "depends_on": [],
                    "primary": {
                        "id": "/subscriptions/1deb517a-835a-4390-9065-72490fee91e9/resourceGroups/myResourceGroup",
                        "attributes": {
                            "id": "/subscriptions/1deb517a-835a-4390-9065-72490fee91e9/resourceGroups/myResourceGroup",
                            "location": "eastus2",
                            "name": "myResourceGroup",
                            "tags.%": "1",
                            "tags.environment": "Single vm"
                        },
                        "meta": {},
                        "tainted": false
                    },
                    "deposed": [],
                    "provider": "provider.azurerm"
                },
                "azurerm_storage_account.mystorageaccount": {
                    "type": "azurerm_storage_account",
                    "depends_on": [
                        "azurerm_resource_group.myterraformgroup",
                        "random_id.randomId"
                    ],
                    "primary": {
                        "id": "/subscriptions/1deb517a-835a-4390-9065-72490fee91e9/resourceGroups/myResourceGroup/providers/Microsoft.Storage/storageAccounts/diag2335671a568af137",
                        "attributes": {
                            "access_tier": "",
                            "account_encryption_source": "Microsoft.Storage",
                            "account_kind": "Storage",
                            "account_replication_type": "LRS",
                            "account_tier": "Standard",
                            "account_type": "Standard_LRS",
                            "enable_blob_encryption": "true",
                            "enable_file_encryption": "true",
                            "enable_https_traffic_only": "false",
                            "id": "/subscriptions/1deb517a-835a-4390-9065-72490fee91e9/resourceGroups/myResourceGroup/providers/Microsoft.Storage/storageAccounts/diag2335671a568af137",
                            "identity.#": "0",
                            "is_hns_enabled": "false",
                            "location": "eastus2",
                            "name": "diag2335671a568af137",
                            "network_rules.#": "0",
                            "primary_access_key": "V+YWmqw0g4DG+LBcFwgOkAB6rrXAwGhmEuAwpw128xV+XnM66hVOSBP57xoMRo11u0AYrDtRoBa0BWi0a/rs+Q==",
                            "primary_blob_connection_string": "DefaultEndpointsProtocol=https;BlobEndpoint=https://diag2335671a568af137.blob.core.windows.net/;AccountName=diag2335671a568af137;AccountKey=V+YWmqw0g4DG+LBcFwgOkAB6rrXAwGhmEuAwpw128xV+XnM66hVOSBP57xoMRo11u0AYrDtRoBa0BWi0a/rs+Q==",
                            "primary_blob_endpoint": "https://diag2335671a568af137.blob.core.windows.net/",
                            "primary_blob_host": "diag2335671a568af137.blob.core.windows.net",
                            "primary_connection_string": "DefaultEndpointsProtocol=https;AccountName=diag2335671a568af137;AccountKey=V+YWmqw0g4DG+LBcFwgOkAB6rrXAwGhmEuAwpw128xV+XnM66hVOSBP57xoMRo11u0AYrDtRoBa0BWi0a/rs+Q==;EndpointSuffix=core.windows.net",
                            "primary_dfs_endpoint": "",
                            "primary_dfs_host": "",
                            "primary_file_endpoint": "https://diag2335671a568af137.file.core.windows.net/",
                            "primary_file_host": "diag2335671a568af137.file.core.windows.net",
                            "primary_location": "eastus2",
                            "primary_queue_endpoint": "https://diag2335671a568af137.queue.core.windows.net/",
                            "primary_queue_host": "diag2335671a568af137.queue.core.windows.net",
                            "primary_table_endpoint": "https://diag2335671a568af137.table.core.windows.net/",
                            "primary_table_host": "diag2335671a568af137.table.core.windows.net",
                            "primary_web_endpoint": "",
                            "primary_web_host": "",
                            "resource_group_name": "myResourceGroup",
                            "secondary_access_key": "LdUxjht+zXdM/a/PWU2HTv0f7RuM8ewNeRr9zSnyvNr/xvR0j6y3JwF49uNMVffgRaI34v7rN6yIKhmmp8TkBA==",
                            "secondary_blob_connection_string": "",
                            "secondary_connection_string": "DefaultEndpointsProtocol=https;AccountName=diag2335671a568af137;AccountKey=LdUxjht+zXdM/a/PWU2HTv0f7RuM8ewNeRr9zSnyvNr/xvR0j6y3JwF49uNMVffgRaI34v7rN6yIKhmmp8TkBA==;EndpointSuffix=core.windows.net",
                            "secondary_location": "",
                            "tags.%": "1",
                            "tags.environment": "Single vm"
                        },
                        "meta": {
                            "schema_version": "2"
                        },
                        "tainted": false
                    },
                    "deposed": [],
                    "provider": "provider.azurerm"
                },
                "azurerm_subnet.myterraformsubnet": {
                    "type": "azurerm_subnet",
                    "depends_on": [
                        "azurerm_resource_group.myterraformgroup",
                        "azurerm_virtual_network.myterraformnetwork"
                    ],
                    "primary": {
                        "id": "/subscriptions/1deb517a-835a-4390-9065-72490fee91e9/resourceGroups/myResourceGroup/providers/Microsoft.Network/virtualNetworks/myVnet/subnets/mySubnet",
                        "attributes": {
                            "address_prefix": "10.0.1.0/24",
                            "delegation.#": "0",
                            "id": "/subscriptions/1deb517a-835a-4390-9065-72490fee91e9/resourceGroups/myResourceGroup/providers/Microsoft.Network/virtualNetworks/myVnet/subnets/mySubnet",
                            "ip_configurations.#": "1",
                            "ip_configurations.929734326": "/subscriptions/1deb517a-835a-4390-9065-72490fee91e9/resourceGroups/myResourceGroup/providers/Microsoft.Network/networkInterfaces/myNIC/ipConfigurations/myNicConfiguration",
                            "name": "mySubnet",
                            "network_security_group_id": "",
                            "resource_group_name": "myResourceGroup",
                            "route_table_id": "",
                            "service_endpoints.#": "0",
                            "virtual_network_name": "myVnet"
                        },
                        "meta": {},
                        "tainted": false
                    },
                    "deposed": [],
                    "provider": "provider.azurerm"
                },
                "azurerm_virtual_machine.myterraformvm": {
                    "type": "azurerm_virtual_machine",
                    "depends_on": [
                        "azurerm_network_interface.myterraformnic",
                        "azurerm_resource_group.myterraformgroup",
                        "azurerm_storage_account.mystorageaccount"
                    ],
                    "primary": {
                        "id": "/subscriptions/1deb517a-835a-4390-9065-72490fee91e9/resourceGroups/myResourceGroup/providers/Microsoft.Compute/virtualMachines/myVM",
                        "attributes": {
                            "boot_diagnostics.#": "1",
                            "boot_diagnostics.0.enabled": "true",
                            "boot_diagnostics.0.storage_uri": "https://diag2335671a568af137.blob.core.windows.net/",
                            "delete_data_disks_on_termination": "false",
                            "delete_os_disk_on_termination": "false",
                            "id": "/subscriptions/1deb517a-835a-4390-9065-72490fee91e9/resourceGroups/myResourceGroup/providers/Microsoft.Compute/virtualMachines/myVM",
                            "identity.#": "0",
                            "location": "eastus2",
                            "name": "myVM",
                            "network_interface_ids.#": "1",
                            "network_interface_ids.0": "/subscriptions/1deb517a-835a-4390-9065-72490fee91e9/resourceGroups/myResourceGroup/providers/Microsoft.Network/networkInterfaces/myNIC",
                            "os_profile.#": "1",
                            "os_profile.1770182618.admin_password": "",
                            "os_profile.1770182618.admin_username": "azureuser",
                            "os_profile.1770182618.computer_name": "myvm",
                            "os_profile.1770182618.custom_data": "",
                            "os_profile_linux_config.#": "1",
                            "os_profile_linux_config.2972667452.disable_password_authentication": "false",
                            "os_profile_linux_config.2972667452.ssh_keys.#": "0",
                            "os_profile_secrets.#": "0",
                            "os_profile_windows_config.#": "0",
                            "plan.#": "0",
                            "resource_group_name": "myResourceGroup",
                            "storage_data_disk.#": "0",
                            "storage_image_reference.#": "1",
                            "storage_image_reference.2785443210.id": "/subscriptions/1deb517a-835a-4390-9065-72490fee91e9/resourceGroups/Image/providers/Microsoft.Compute/images/base-image-image-20190527141215",
                            "storage_image_reference.2785443210.offer": "",
                            "storage_image_reference.2785443210.publisher": "",
                            "storage_image_reference.2785443210.sku": "",
                            "storage_image_reference.2785443210.version": "",
                            "storage_os_disk.#": "1",
                            "storage_os_disk.0.caching": "ReadWrite",
                            "storage_os_disk.0.create_option": "FromImage",
                            "storage_os_disk.0.disk_size_gb": "30",
                            "storage_os_disk.0.image_uri": "",
                            "storage_os_disk.0.managed_disk_id": "/subscriptions/1deb517a-835a-4390-9065-72490fee91e9/resourceGroups/myResourceGroup/providers/Microsoft.Compute/disks/myOsDisk",
                            "storage_os_disk.0.managed_disk_type": "Premium_LRS",
                            "storage_os_disk.0.name": "myOsDisk",
                            "storage_os_disk.0.os_type": "Linux",
                            "storage_os_disk.0.vhd_uri": "",
                            "storage_os_disk.0.write_accelerator_enabled": "false",
                            "tags.%": "1",
                            "tags.environment": "Single vm",
                            "vm_size": "Standard_DS1_v2",
                            "zones.#": "0"
                        },
                        "meta": {},
                        "tainted": false
                    },
                    "deposed": [],
                    "provider": "provider.azurerm"
                },
                "azurerm_virtual_network.myterraformnetwork": {
                    "type": "azurerm_virtual_network",
                    "depends_on": [
                        "azurerm_resource_group.myterraformgroup"
                    ],
                    "primary": {
                        "id": "/subscriptions/1deb517a-835a-4390-9065-72490fee91e9/resourceGroups/myResourceGroup/providers/Microsoft.Network/virtualNetworks/myVnet",
                        "attributes": {
                            "address_space.#": "1",
                            "address_space.0": "10.0.0.0/16",
                            "ddos_protection_plan.#": "0",
                            "dns_servers.#": "0",
                            "id": "/subscriptions/1deb517a-835a-4390-9065-72490fee91e9/resourceGroups/myResourceGroup/providers/Microsoft.Network/virtualNetworks/myVnet",
                            "location": "eastus2",
                            "name": "myVnet",
                            "resource_group_name": "myResourceGroup",
                            "subnet.#": "1",
                            "subnet.4250548586.address_prefix": "10.0.1.0/24",
                            "subnet.4250548586.id": "/subscriptions/1deb517a-835a-4390-9065-72490fee91e9/resourceGroups/myResourceGroup/providers/Microsoft.Network/virtualNetworks/myVnet/subnets/mySubnet",
                            "subnet.4250548586.name": "mySubnet",
                            "subnet.4250548586.security_group": "",
                            "tags.%": "1",
                            "tags.environment": "Single vm"
                        },
                        "meta": {},
                        "tainted": false
                    },
                    "deposed": [],
                    "provider": "provider.azurerm"
                },
                "random_id.randomId": {
                    "type": "random_id",
                    "depends_on": [
                        "azurerm_resource_group.myterraformgroup"
                    ],
                    "primary": {
                        "id": "IzVnGlaK8Tc",
                        "attributes": {
                            "b64": "IzVnGlaK8Tc",
                            "b64_std": "IzVnGlaK8Tc=",
                            "b64_url": "IzVnGlaK8Tc",
                            "byte_length": "8",
                            "dec": "2537047327911899447",
                            "hex": "2335671a568af137",
                            "id": "IzVnGlaK8Tc",
                            "keepers.%": "1",
                            "keepers.resource_group": "myResourceGroup"
                        },
                        "meta": {},
                        "tainted": false
                    },
                    "deposed": [],
                    "provider": "provider.random"
                }
            },
            "depends_on": []
        }
    ]
}
